PODS:
  - APIKit (3.1.1):
    - Result (~> 3.0)
  - Himotoki (3.0.1)
  - ImageViewer (4.0)
  - KeyboardObserver (1.0.1)
  - KeychainAccess (3.0.2)
  - Kingfisher (3.6.2)
  - NVActivityIndicatorView (3.6.1)
  - Result (3.2.1)
  - SnapKit (3.2.0)

DEPENDENCIES:
  - APIKit
  - Himotoki
  - ImageViewer
  - KeyboardObserver
  - KeychainAccess
  - Kingfisher
  - NVActivityIndicatorView
  - SnapKit

SPEC CHECKSUMS:
  APIKit: 7460983f490d3bde6aaaaa4164d18c9865a6f91d
  Himotoki: 85fda41d4d0e14f7228317a3b474175cdfb8f515
  ImageViewer: 364abc0309c33dda86d08ca25b0243e5c67d8cd3
  KeyboardObserver: b74a483236861c63a29a18b5b617f63313f04eef
  KeychainAccess: a986406022dfc7c634c691ad3bec670cc6a32002
  Kingfisher: 2c94e72c6830622c71d06adf4ea024c37d316830
  NVActivityIndicatorView: 9f52a7f84bf5c6a798722c450fe3c198e01c56ed
  Result: 2453a22e5c5b11c0c3a478736e82cd02f763b781
  SnapKit: 1ca44df72cfa543218d177cb8aab029d10d86ea7

PODFILE CHECKSUM: cb436fa48ac800666339b37940a193ee3b5557f9

COCOAPODS: 1.2.1
