// !$*UTF8*$!
{
	archiveVersion = 1;
	classes = {
	};
	objectVersion = 46;
	objects = {

/* Begin PBXBuildFile section */
		1E3A43531EA6833200669319 /* TootTableViewCell.swift in Sources */ = {isa = PBXBuildFile; fileRef = 1E3A43521EA6833200669319 /* TootTableViewCell.swift */; };
		1E7779FA1EAA6E8D001BD61A /* StatusImageView.swift in Sources */ = {isa = PBXBuildFile; fileRef = 1E7779F81EAA6E8D001BD61A /* StatusImageView.swift */; };
		1EB690C01EA6F095003587A1 /* AttachmentView.swift in Sources */ = {isa = PBXBuildFile; fileRef = 1EB690BF1EA6F095003587A1 /* AttachmentView.swift */; };
		1EC795511EABEC99000AE44D /* MastodonAPI+Status.swift in Sources */ = {isa = PBXBuildFile; fileRef = 1EC795501EABEC99000AE44D /* MastodonAPI+Status.swift */; };
		1EC795531EABF862000AE44D /* ComposeViewController.swift in Sources */ = {isa = PBXBuildFile; fileRef = 1EC795521EABF862000AE44D /* ComposeViewController.swift */; };
		1EC795551EAC61FA000AE44D /* SelectAccountTableViewController.swift in Sources */ = {isa = PBXBuildFile; fileRef = 1EC795541EAC61FA000AE44D /* SelectAccountTableViewController.swift */; };
		1EEF59B71EAC7B130047293B /* AccountService.swift in Sources */ = {isa = PBXBuildFile; fileRef = 1EEF59B61EAC7B130047293B /* AccountService.swift */; };
		1EEF59B91EACEFB40047293B /* TootDetailViewController.swift in Sources */ = {isa = PBXBuildFile; fileRef = 1EEF59B81EACEFB40047293B /* TootDetailViewController.swift */; };
		1EEF59BB1EAD1D400047293B /* MastodonAPI+Report.swift in Sources */ = {isa = PBXBuildFile; fileRef = 1EEF59BA1EAD1D400047293B /* MastodonAPI+Report.swift */; };
		1EEF59BD1EAD27DB0047293B /* 1Password.xcassets in Resources */ = {isa = PBXBuildFile; fileRef = 1EEF59BC1EAD27DB0047293B /* 1Password.xcassets */; };
		430061661EACC839005DB81F /* FollowButton.swift in Sources */ = {isa = PBXBuildFile; fileRef = 430061651EACC839005DB81F /* FollowButton.swift */; };
		432590261EACA039000C364A /* AccountsTableViewController.swift in Sources */ = {isa = PBXBuildFile; fileRef = 432590251EACA039000C364A /* AccountsTableViewController.swift */; };
		435CA87B1EA8AD32006F5EE5 /* Accounts.storyboard in Resources */ = {isa = PBXBuildFile; fileRef = 435CA87A1EA8AD32006F5EE5 /* Accounts.storyboard */; };
		435CA8801EA8AE36006F5EE5 /* AccountsTableViewCell.swift in Sources */ = {isa = PBXBuildFile; fileRef = 435CA87E1EA8AE36006F5EE5 /* AccountsTableViewCell.swift */; };
		435CA8811EA8AE36006F5EE5 /* AccountsTableViewCell.xib in Resources */ = {isa = PBXBuildFile; fileRef = 435CA87F1EA8AE36006F5EE5 /* AccountsTableViewCell.xib */; };
		438A98A01EA8CC9B007CB1BC /* ProfileHeaderView.swift in Sources */ = {isa = PBXBuildFile; fileRef = 438A989F1EA8CC9B007CB1BC /* ProfileHeaderView.swift */; };
		438A98A21EA92C5A007CB1BC /* ProfileMenuButton.xib in Resources */ = {isa = PBXBuildFile; fileRef = 438A98A11EA92C5A007CB1BC /* ProfileMenuButton.xib */; };
		438A98A41EA92DE1007CB1BC /* ProfileMenuButton.swift in Sources */ = {isa = PBXBuildFile; fileRef = 438A98A31EA92DE1007CB1BC /* ProfileMenuButton.swift */; };
		439F01A31EAAAB12005C273A /* Relationship.swift in Sources */ = {isa = PBXBuildFile; fileRef = 439F01A21EAAAB12005C273A /* Relationship.swift */; };
		43F9B1901EA613C50093E798 /* AppDelegate.swift in Sources */ = {isa = PBXBuildFile; fileRef = 43F9B18F1EA613C50093E798 /* AppDelegate.swift */; };
		43F9B1971EA613C50093E798 /* Assets.xcassets in Resources */ = {isa = PBXBuildFile; fileRef = 43F9B1961EA613C50093E798 /* Assets.xcassets */; };
		43F9B19A1EA613C50093E798 /* LaunchScreen.storyboard in Resources */ = {isa = PBXBuildFile; fileRef = 43F9B1981EA613C50093E798 /* LaunchScreen.storyboard */; };
		43F9B1A51EA613C50093E798 /* LiarodonTests.swift in Sources */ = {isa = PBXBuildFile; fileRef = 43F9B1A41EA613C50093E798 /* LiarodonTests.swift */; };
		43F9B1B01EA613C50093E798 /* LiarodonUITests.swift in Sources */ = {isa = PBXBuildFile; fileRef = 43F9B1AF1EA613C50093E798 /* LiarodonUITests.swift */; };
		43F9B1CE1EA6159E0093E798 /* MainTabBarController.swift in Sources */ = {isa = PBXBuildFile; fileRef = 43F9B1CD1EA6159E0093E798 /* MainTabBarController.swift */; };
		43F9B1D01EA615D80093E798 /* Timeline.storyboard in Resources */ = {isa = PBXBuildFile; fileRef = 43F9B1CF1EA615D80093E798 /* Timeline.storyboard */; };
		43F9B1D41EA616040093E798 /* Main.storyboard in Resources */ = {isa = PBXBuildFile; fileRef = 43F9B1D31EA616040093E798 /* Main.storyboard */; };
		43F9B1D61EA616710093E798 /* TimelineTableViewController.swift in Sources */ = {isa = PBXBuildFile; fileRef = 43F9B1D51EA616710093E798 /* TimelineTableViewController.swift */; };
		43F9B1D91EA616E70093E798 /* Login.storyboard in Resources */ = {isa = PBXBuildFile; fileRef = 43F9B1D81EA616E70093E798 /* Login.storyboard */; };
		43F9B1DB1EA617390093E798 /* LoginViewController.swift in Sources */ = {isa = PBXBuildFile; fileRef = 43F9B1DA1EA617390093E798 /* LoginViewController.swift */; };
		43F9B1E41EA618060093E798 /* Notification.storyboard in Resources */ = {isa = PBXBuildFile; fileRef = 43F9B1E21EA618050093E798 /* Notification.storyboard */; };
		43F9B1E51EA618060093E798 /* NotificationTableViewController.swift in Sources */ = {isa = PBXBuildFile; fileRef = 43F9B1E31EA618050093E798 /* NotificationTableViewController.swift */; };
		43F9B1E91EA618680093E798 /* Profile.storyboard in Resources */ = {isa = PBXBuildFile; fileRef = 43F9B1E81EA618680093E798 /* Profile.storyboard */; };
		43F9B1EB1EA618870093E798 /* ProfileViewController.swift in Sources */ = {isa = PBXBuildFile; fileRef = 43F9B1EA1EA618870093E798 /* ProfileViewController.swift */; };
		43F9B1EE1EA626740093E798 /* AccessToken.swift in Sources */ = {isa = PBXBuildFile; fileRef = 43F9B1ED1EA626740093E798 /* AccessToken.swift */; };
		43F9B1F41EA62B910093E798 /* App.swift in Sources */ = {isa = PBXBuildFile; fileRef = 43F9B1F31EA62B910093E798 /* App.swift */; };
		43F9B1F61EA63E6C0093E798 /* Account.swift in Sources */ = {isa = PBXBuildFile; fileRef = 43F9B1F51EA63E6C0093E798 /* Account.swift */; };
		43F9B1F91EA64C400093E798 /* MastodonAPI+Apps.swift in Sources */ = {isa = PBXBuildFile; fileRef = 43F9B1F81EA64C400093E798 /* MastodonAPI+Apps.swift */; };
		43F9B1FD1EA64E2B0093E798 /* MastodonAPI+Accounts.swift in Sources */ = {isa = PBXBuildFile; fileRef = 43F9B1FC1EA64E2B0093E798 /* MastodonAPI+Accounts.swift */; };
		43F9B1FF1EA64E710093E798 /* MastodonAPI+OAuth.swift in Sources */ = {isa = PBXBuildFile; fileRef = 43F9B1FE1EA64E710093E798 /* MastodonAPI+OAuth.swift */; };
		43F9B2011EA658820093E798 /* Status.swift in Sources */ = {isa = PBXBuildFile; fileRef = 43F9B2001EA658820093E798 /* Status.swift */; };
		43F9B2031EA677910093E798 /* Attachment.swift in Sources */ = {isa = PBXBuildFile; fileRef = 43F9B2021EA677910093E798 /* Attachment.swift */; };
		43F9B2051EA67C680093E798 /* Mention.swift in Sources */ = {isa = PBXBuildFile; fileRef = 43F9B2041EA67C680093E798 /* Mention.swift */; };
		43F9B2071EA67DAB0093E798 /* Tag.swift in Sources */ = {isa = PBXBuildFile; fileRef = 43F9B2061EA67DAB0093E798 /* Tag.swift */; };
		43F9B2091EA67E460093E798 /* Application.swift in Sources */ = {isa = PBXBuildFile; fileRef = 43F9B2081EA67E460093E798 /* Application.swift */; };
		43F9B20B1EA708200093E798 /* MastodonAPI+Timelines.swift in Sources */ = {isa = PBXBuildFile; fileRef = 43F9B20A1EA708200093E798 /* MastodonAPI+Timelines.swift */; };
		43F9B20E1EA7112B0093E798 /* String+url.swift in Sources */ = {isa = PBXBuildFile; fileRef = 43F9B20D1EA7112B0093E798 /* String+url.swift */; };
		43F9B2101EA7160C0093E798 /* MastodonAPI.swift in Sources */ = {isa = PBXBuildFile; fileRef = 43F9B20F1EA7160C0093E798 /* MastodonAPI.swift */; };
		C96594BCA41A1A7E8BAFF67D /* Pods_Liarodon.framework in Frameworks */ = {isa = PBXBuildFile; fileRef = 8A2903B0F09627C9A95655D4 /* Pods_Liarodon.framework */; };
		F6660CF91EA8F45C007D04D7 /* LinkTextView.swift in Sources */ = {isa = PBXBuildFile; fileRef = F6660CF81EA8F45C007D04D7 /* LinkTextView.swift */; };
/* End PBXBuildFile section */

/* Begin PBXContainerItemProxy section */
		43F9B1A11EA613C50093E798 /* PBXContainerItemProxy */ = {
			isa = PBXContainerItemProxy;
			containerPortal = 43F9B1841EA613C50093E798 /* Project object */;
			proxyType = 1;
			remoteGlobalIDString = 43F9B18B1EA613C50093E798;
			remoteInfo = Liarodon;
		};
		43F9B1AC1EA613C50093E798 /* PBXContainerItemProxy */ = {
			isa = PBXContainerItemProxy;
			containerPortal = 43F9B1841EA613C50093E798 /* Project object */;
			proxyType = 1;
			remoteGlobalIDString = 43F9B18B1EA613C50093E798;
			remoteInfo = Liarodon;
		};
/* End PBXContainerItemProxy section */

/* Begin PBXFileReference section */
		1E3A43521EA6833200669319 /* TootTableViewCell.swift */ = {isa = PBXFileReference; fileEncoding = 4; lastKnownFileType = sourcecode.swift; name = TootTableViewCell.swift; path = Timeline/TootTableViewCell.swift; sourceTree = "<group>"; };
		1E7779F81EAA6E8D001BD61A /* StatusImageView.swift */ = {isa = PBXFileReference; fileEncoding = 4; lastKnownFileType = sourcecode.swift; name = StatusImageView.swift; path = Timeline/StatusImageView.swift; sourceTree = "<group>"; };
		1EB690BF1EA6F095003587A1 /* AttachmentView.swift */ = {isa = PBXFileReference; fileEncoding = 4; lastKnownFileType = sourcecode.swift; name = AttachmentView.swift; path = Timeline/AttachmentView.swift; sourceTree = "<group>"; };
		1EC795501EABEC99000AE44D /* MastodonAPI+Status.swift */ = {isa = PBXFileReference; fileEncoding = 4; lastKnownFileType = sourcecode.swift; name = "MastodonAPI+Status.swift"; path = "API/MastodonAPI+Status.swift"; sourceTree = "<group>"; };
		1EC795521EABF862000AE44D /* ComposeViewController.swift */ = {isa = PBXFileReference; fileEncoding = 4; lastKnownFileType = sourcecode.swift; name = ComposeViewController.swift; path = Timeline/ComposeViewController.swift; sourceTree = "<group>"; };
		1EC795541EAC61FA000AE44D /* SelectAccountTableViewController.swift */ = {isa = PBXFileReference; fileEncoding = 4; lastKnownFileType = sourcecode.swift; name = SelectAccountTableViewController.swift; path = Accounts/SelectAccountTableViewController.swift; sourceTree = "<group>"; };
		1EEF59B61EAC7B130047293B /* AccountService.swift */ = {isa = PBXFileReference; fileEncoding = 4; lastKnownFileType = sourcecode.swift; name = AccountService.swift; path = Accounts/AccountService.swift; sourceTree = "<group>"; };
		1EEF59B81EACEFB40047293B /* TootDetailViewController.swift */ = {isa = PBXFileReference; fileEncoding = 4; lastKnownFileType = sourcecode.swift; name = TootDetailViewController.swift; path = Timeline/TootDetailViewController.swift; sourceTree = "<group>"; };
		1EEF59BA1EAD1D400047293B /* MastodonAPI+Report.swift */ = {isa = PBXFileReference; fileEncoding = 4; lastKnownFileType = sourcecode.swift; name = "MastodonAPI+Report.swift"; path = "API/MastodonAPI+Report.swift"; sourceTree = "<group>"; };
		1EEF59BC1EAD27DB0047293B /* 1Password.xcassets */ = {isa = PBXFileReference; lastKnownFileType = folder.assetcatalog; path = 1Password.xcassets; sourceTree = "<group>"; };
		430061651EACC839005DB81F /* FollowButton.swift */ = {isa = PBXFileReference; fileEncoding = 4; lastKnownFileType = sourcecode.swift; name = FollowButton.swift; path = Accounts/FollowButton.swift; sourceTree = "<group>"; };
		432590251EACA039000C364A /* AccountsTableViewController.swift */ = {isa = PBXFileReference; fileEncoding = 4; lastKnownFileType = sourcecode.swift; name = AccountsTableViewController.swift; path = Accounts/AccountsTableViewController.swift; sourceTree = "<group>"; };
		435CA87A1EA8AD32006F5EE5 /* Accounts.storyboard */ = {isa = PBXFileReference; fileEncoding = 4; lastKnownFileType = file.storyboard; name = Accounts.storyboard; path = Accounts/Accounts.storyboard; sourceTree = "<group>"; };
		435CA87E1EA8AE36006F5EE5 /* AccountsTableViewCell.swift */ = {isa = PBXFileReference; fileEncoding = 4; lastKnownFileType = sourcecode.swift; name = AccountsTableViewCell.swift; path = Accounts/AccountsTableViewCell.swift; sourceTree = "<group>"; };
		435CA87F1EA8AE36006F5EE5 /* AccountsTableViewCell.xib */ = {isa = PBXFileReference; fileEncoding = 4; lastKnownFileType = file.xib; name = AccountsTableViewCell.xib; path = Accounts/AccountsTableViewCell.xib; sourceTree = "<group>"; };
		438A989F1EA8CC9B007CB1BC /* ProfileHeaderView.swift */ = {isa = PBXFileReference; fileEncoding = 4; lastKnownFileType = sourcecode.swift; name = ProfileHeaderView.swift; path = Profile/ProfileHeaderView.swift; sourceTree = "<group>"; };
		438A98A11EA92C5A007CB1BC /* ProfileMenuButton.xib */ = {isa = PBXFileReference; fileEncoding = 4; lastKnownFileType = file.xib; name = ProfileMenuButton.xib; path = Profile/ProfileMenuButton.xib; sourceTree = "<group>"; };
		438A98A31EA92DE1007CB1BC /* ProfileMenuButton.swift */ = {isa = PBXFileReference; fileEncoding = 4; lastKnownFileType = sourcecode.swift; name = ProfileMenuButton.swift; path = Profile/ProfileMenuButton.swift; sourceTree = "<group>"; };
		439F01A21EAAAB12005C273A /* Relationship.swift */ = {isa = PBXFileReference; fileEncoding = 4; lastKnownFileType = sourcecode.swift; name = Relationship.swift; path = Models/Relationship.swift; sourceTree = "<group>"; };
		43F9B18C1EA613C50093E798 /* Liarodon.app */ = {isa = PBXFileReference; explicitFileType = wrapper.application; includeInIndex = 0; path = Liarodon.app; sourceTree = BUILT_PRODUCTS_DIR; };
		43F9B18F1EA613C50093E798 /* AppDelegate.swift */ = {isa = PBXFileReference; lastKnownFileType = sourcecode.swift; path = AppDelegate.swift; sourceTree = "<group>"; };
		43F9B1961EA613C50093E798 /* Assets.xcassets */ = {isa = PBXFileReference; lastKnownFileType = folder.assetcatalog; path = Assets.xcassets; sourceTree = "<group>"; };
		43F9B1991EA613C50093E798 /* Base */ = {isa = PBXFileReference; lastKnownFileType = file.storyboard; name = Base; path = Base.lproj/LaunchScreen.storyboard; sourceTree = "<group>"; };
		43F9B19B1EA613C50093E798 /* Info.plist */ = {isa = PBXFileReference; lastKnownFileType = text.plist.xml; path = Info.plist; sourceTree = "<group>"; };
		43F9B1A01EA613C50093E798 /* LiarodonTests.xctest */ = {isa = PBXFileReference; explicitFileType = wrapper.cfbundle; includeInIndex = 0; path = LiarodonTests.xctest; sourceTree = BUILT_PRODUCTS_DIR; };
		43F9B1A41EA613C50093E798 /* LiarodonTests.swift */ = {isa = PBXFileReference; lastKnownFileType = sourcecode.swift; path = LiarodonTests.swift; sourceTree = "<group>"; };
		43F9B1A61EA613C50093E798 /* Info.plist */ = {isa = PBXFileReference; lastKnownFileType = text.plist.xml; path = Info.plist; sourceTree = "<group>"; };
		43F9B1AB1EA613C50093E798 /* LiarodonUITests.xctest */ = {isa = PBXFileReference; explicitFileType = wrapper.cfbundle; includeInIndex = 0; path = LiarodonUITests.xctest; sourceTree = BUILT_PRODUCTS_DIR; };
		43F9B1AF1EA613C50093E798 /* LiarodonUITests.swift */ = {isa = PBXFileReference; lastKnownFileType = sourcecode.swift; path = LiarodonUITests.swift; sourceTree = "<group>"; };
		43F9B1B11EA613C50093E798 /* Info.plist */ = {isa = PBXFileReference; lastKnownFileType = text.plist.xml; path = Info.plist; sourceTree = "<group>"; };
		43F9B1CD1EA6159E0093E798 /* MainTabBarController.swift */ = {isa = PBXFileReference; fileEncoding = 4; lastKnownFileType = sourcecode.swift; path = MainTabBarController.swift; sourceTree = "<group>"; };
		43F9B1CF1EA615D80093E798 /* Timeline.storyboard */ = {isa = PBXFileReference; fileEncoding = 4; lastKnownFileType = file.storyboard; name = Timeline.storyboard; path = Timeline/Timeline.storyboard; sourceTree = "<group>"; };
		43F9B1D31EA616040093E798 /* Main.storyboard */ = {isa = PBXFileReference; fileEncoding = 4; lastKnownFileType = file.storyboard; path = Main.storyboard; sourceTree = "<group>"; };
		43F9B1D51EA616710093E798 /* TimelineTableViewController.swift */ = {isa = PBXFileReference; fileEncoding = 4; lastKnownFileType = sourcecode.swift; name = TimelineTableViewController.swift; path = Timeline/TimelineTableViewController.swift; sourceTree = "<group>"; };
		43F9B1D81EA616E70093E798 /* Login.storyboard */ = {isa = PBXFileReference; fileEncoding = 4; lastKnownFileType = file.storyboard; name = Login.storyboard; path = Login/Login.storyboard; sourceTree = "<group>"; };
		43F9B1DA1EA617390093E798 /* LoginViewController.swift */ = {isa = PBXFileReference; fileEncoding = 4; lastKnownFileType = sourcecode.swift; name = LoginViewController.swift; path = Login/LoginViewController.swift; sourceTree = "<group>"; };
		43F9B1E21EA618050093E798 /* Notification.storyboard */ = {isa = PBXFileReference; fileEncoding = 4; lastKnownFileType = file.storyboard; path = Notification.storyboard; sourceTree = "<group>"; };
		43F9B1E31EA618050093E798 /* NotificationTableViewController.swift */ = {isa = PBXFileReference; fileEncoding = 4; lastKnownFileType = sourcecode.swift; path = NotificationTableViewController.swift; sourceTree = "<group>"; };
		43F9B1E81EA618680093E798 /* Profile.storyboard */ = {isa = PBXFileReference; fileEncoding = 4; lastKnownFileType = file.storyboard; name = Profile.storyboard; path = Profile/Profile.storyboard; sourceTree = "<group>"; };
		43F9B1EA1EA618870093E798 /* ProfileViewController.swift */ = {isa = PBXFileReference; fileEncoding = 4; lastKnownFileType = sourcecode.swift; name = ProfileViewController.swift; path = Profile/ProfileViewController.swift; sourceTree = "<group>"; };
		43F9B1ED1EA626740093E798 /* AccessToken.swift */ = {isa = PBXFileReference; fileEncoding = 4; lastKnownFileType = sourcecode.swift; name = AccessToken.swift; path = Models/AccessToken.swift; sourceTree = "<group>"; };
		43F9B1F31EA62B910093E798 /* App.swift */ = {isa = PBXFileReference; fileEncoding = 4; lastKnownFileType = sourcecode.swift; name = App.swift; path = Models/App.swift; sourceTree = "<group>"; };
		43F9B1F51EA63E6C0093E798 /* Account.swift */ = {isa = PBXFileReference; fileEncoding = 4; lastKnownFileType = sourcecode.swift; name = Account.swift; path = Models/Account.swift; sourceTree = "<group>"; };
		43F9B1F81EA64C400093E798 /* MastodonAPI+Apps.swift */ = {isa = PBXFileReference; fileEncoding = 4; lastKnownFileType = sourcecode.swift; name = "MastodonAPI+Apps.swift"; path = "API/MastodonAPI+Apps.swift"; sourceTree = "<group>"; };
		43F9B1FC1EA64E2B0093E798 /* MastodonAPI+Accounts.swift */ = {isa = PBXFileReference; fileEncoding = 4; lastKnownFileType = sourcecode.swift; name = "MastodonAPI+Accounts.swift"; path = "API/MastodonAPI+Accounts.swift"; sourceTree = "<group>"; };
		43F9B1FE1EA64E710093E798 /* MastodonAPI+OAuth.swift */ = {isa = PBXFileReference; fileEncoding = 4; lastKnownFileType = sourcecode.swift; name = "MastodonAPI+OAuth.swift"; path = "API/MastodonAPI+OAuth.swift"; sourceTree = "<group>"; };
		43F9B2001EA658820093E798 /* Status.swift */ = {isa = PBXFileReference; fileEncoding = 4; lastKnownFileType = sourcecode.swift; name = Status.swift; path = Models/Status.swift; sourceTree = "<group>"; };
		43F9B2021EA677910093E798 /* Attachment.swift */ = {isa = PBXFileReference; fileEncoding = 4; lastKnownFileType = sourcecode.swift; name = Attachment.swift; path = Models/Attachment.swift; sourceTree = "<group>"; };
		43F9B2041EA67C680093E798 /* Mention.swift */ = {isa = PBXFileReference; fileEncoding = 4; lastKnownFileType = sourcecode.swift; name = Mention.swift; path = Models/Mention.swift; sourceTree = "<group>"; };
		43F9B2061EA67DAB0093E798 /* Tag.swift */ = {isa = PBXFileReference; fileEncoding = 4; lastKnownFileType = sourcecode.swift; name = Tag.swift; path = Models/Tag.swift; sourceTree = "<group>"; };
		43F9B2081EA67E460093E798 /* Application.swift */ = {isa = PBXFileReference; fileEncoding = 4; lastKnownFileType = sourcecode.swift; name = Application.swift; path = Models/Application.swift; sourceTree = "<group>"; };
		43F9B20A1EA708200093E798 /* MastodonAPI+Timelines.swift */ = {isa = PBXFileReference; fileEncoding = 4; lastKnownFileType = sourcecode.swift; name = "MastodonAPI+Timelines.swift"; path = "API/MastodonAPI+Timelines.swift"; sourceTree = "<group>"; };
		43F9B20D1EA7112B0093E798 /* String+url.swift */ = {isa = PBXFileReference; fileEncoding = 4; lastKnownFileType = sourcecode.swift; name = "String+url.swift"; path = "Extensions/String+url.swift"; sourceTree = "<group>"; };
		43F9B20F1EA7160C0093E798 /* MastodonAPI.swift */ = {isa = PBXFileReference; fileEncoding = 4; lastKnownFileType = sourcecode.swift; name = MastodonAPI.swift; path = API/MastodonAPI.swift; sourceTree = "<group>"; };
		8A2903B0F09627C9A95655D4 /* Pods_Liarodon.framework */ = {isa = PBXFileReference; explicitFileType = wrapper.framework; includeInIndex = 0; path = Pods_Liarodon.framework; sourceTree = BUILT_PRODUCTS_DIR; };
		BB08770CBB454B140713D012 /* Pods-Liarodon.debug.xcconfig */ = {isa = PBXFileReference; includeInIndex = 1; lastKnownFileType = text.xcconfig; name = "Pods-Liarodon.debug.xcconfig"; path = "Pods/Target Support Files/Pods-Liarodon/Pods-Liarodon.debug.xcconfig"; sourceTree = "<group>"; };
		CAD57C341AEC8EF5EFD2E96C /* Pods-Liarodon.release.xcconfig */ = {isa = PBXFileReference; includeInIndex = 1; lastKnownFileType = text.xcconfig; name = "Pods-Liarodon.release.xcconfig"; path = "Pods/Target Support Files/Pods-Liarodon/Pods-Liarodon.release.xcconfig"; sourceTree = "<group>"; };
		F6660CF81EA8F45C007D04D7 /* LinkTextView.swift */ = {isa = PBXFileReference; fileEncoding = 4; lastKnownFileType = sourcecode.swift; name = LinkTextView.swift; path = Timeline/LinkTextView.swift; sourceTree = "<group>"; };
/* End PBXFileReference section */

/* Begin PBXFrameworksBuildPhase section */
		43F9B1891EA613C50093E798 /* Frameworks */ = {
			isa = PBXFrameworksBuildPhase;
			buildActionMask = 2147483647;
			files = (
				C96594BCA41A1A7E8BAFF67D /* Pods_Liarodon.framework in Frameworks */,
			);
			runOnlyForDeploymentPostprocessing = 0;
		};
		43F9B19D1EA613C50093E798 /* Frameworks */ = {
			isa = PBXFrameworksBuildPhase;
			buildActionMask = 2147483647;
			files = (
			);
			runOnlyForDeploymentPostprocessing = 0;
		};
		43F9B1A81EA613C50093E798 /* Frameworks */ = {
			isa = PBXFrameworksBuildPhase;
			buildActionMask = 2147483647;
			files = (
			);
			runOnlyForDeploymentPostprocessing = 0;
		};
/* End PBXFrameworksBuildPhase section */

/* Begin PBXGroup section */
		3374808BA931DCA09DC7298B /* Frameworks */ = {
			isa = PBXGroup;
			children = (
				8A2903B0F09627C9A95655D4 /* Pods_Liarodon.framework */,
			);
			name = Frameworks;
			sourceTree = "<group>";
		};
		435CA8791EA8ACD1006F5EE5 /* Accounts */ = {
			isa = PBXGroup;
			children = (
				435CA87A1EA8AD32006F5EE5 /* Accounts.storyboard */,
				432590251EACA039000C364A /* AccountsTableViewController.swift */,
				430061651EACC839005DB81F /* FollowButton.swift */,
				435CA87E1EA8AE36006F5EE5 /* AccountsTableViewCell.swift */,
				435CA87F1EA8AE36006F5EE5 /* AccountsTableViewCell.xib */,
				1EC795541EAC61FA000AE44D /* SelectAccountTableViewController.swift */,
				1EEF59B61EAC7B130047293B /* AccountService.swift */,
			);
			name = Accounts;
			sourceTree = "<group>";
		};
		43F9B1831EA613C50093E798 = {
			isa = PBXGroup;
			children = (
				43F9B18E1EA613C50093E798 /* Liarodon */,
				43F9B1A31EA613C50093E798 /* LiarodonTests */,
				43F9B1AE1EA613C50093E798 /* LiarodonUITests */,
				43F9B18D1EA613C50093E798 /* Products */,
				D960644E029D1438710D089D /* Pods */,
				3374808BA931DCA09DC7298B /* Frameworks */,
			);
			sourceTree = "<group>";
		};
		43F9B18D1EA613C50093E798 /* Products */ = {
			isa = PBXGroup;
			children = (
				43F9B18C1EA613C50093E798 /* Liarodon.app */,
				43F9B1A01EA613C50093E798 /* LiarodonTests.xctest */,
				43F9B1AB1EA613C50093E798 /* LiarodonUITests.xctest */,
			);
			name = Products;
			sourceTree = "<group>";
		};
		43F9B18E1EA613C50093E798 /* Liarodon */ = {
			isa = PBXGroup;
			children = (
				43F9B18F1EA613C50093E798 /* AppDelegate.swift */,
				43F9B1F71EA64BE80093E798 /* API */,
				43F9B1EC1EA6259E0093E798 /* Models */,
				43F9B1D71EA616C70093E798 /* Login */,
				43F9B1C71EA615280093E798 /* Main */,
				43F9B1D11EA615DE0093E798 /* Timeline */,
				43F9B1E11EA618050093E798 /* Notification */,
				43F9B1E61EA6182A0093E798 /* Profile */,
				435CA8791EA8ACD1006F5EE5 /* Accounts */,
				43F9B20C1EA711100093E798 /* Extensions */,
				43F9B1961EA613C50093E798 /* Assets.xcassets */,
				1EEF59BC1EAD27DB0047293B /* 1Password.xcassets */,
				43F9B1981EA613C50093E798 /* LaunchScreen.storyboard */,
				43F9B19B1EA613C50093E798 /* Info.plist */,
			);
			path = Liarodon;
			sourceTree = "<group>";
		};
		43F9B1A31EA613C50093E798 /* LiarodonTests */ = {
			isa = PBXGroup;
			children = (
				43F9B1A41EA613C50093E798 /* LiarodonTests.swift */,
				43F9B1A61EA613C50093E798 /* Info.plist */,
			);
			path = LiarodonTests;
			sourceTree = "<group>";
		};
		43F9B1AE1EA613C50093E798 /* LiarodonUITests */ = {
			isa = PBXGroup;
			children = (
				43F9B1AF1EA613C50093E798 /* LiarodonUITests.swift */,
				43F9B1B11EA613C50093E798 /* Info.plist */,
			);
			path = LiarodonUITests;
			sourceTree = "<group>";
		};
		43F9B1C71EA615280093E798 /* Main */ = {
			isa = PBXGroup;
			children = (
				43F9B1D31EA616040093E798 /* Main.storyboard */,
				43F9B1CD1EA6159E0093E798 /* MainTabBarController.swift */,
			);
			path = Main;
			sourceTree = "<group>";
		};
		43F9B1D11EA615DE0093E798 /* Timeline */ = {
			isa = PBXGroup;
			children = (
				43F9B1CF1EA615D80093E798 /* Timeline.storyboard */,
				43F9B1D51EA616710093E798 /* TimelineTableViewController.swift */,
				1E3A43521EA6833200669319 /* TootTableViewCell.swift */,
				1EB690BF1EA6F095003587A1 /* AttachmentView.swift */,
				F6660CF81EA8F45C007D04D7 /* LinkTextView.swift */,
				1E7779F81EAA6E8D001BD61A /* StatusImageView.swift */,
				1EC795521EABF862000AE44D /* ComposeViewController.swift */,
				1EEF59B81EACEFB40047293B /* TootDetailViewController.swift */,
			);
			name = Timeline;
			sourceTree = "<group>";
		};
		43F9B1D71EA616C70093E798 /* Login */ = {
			isa = PBXGroup;
			children = (
				43F9B1D81EA616E70093E798 /* Login.storyboard */,
				43F9B1DA1EA617390093E798 /* LoginViewController.swift */,
			);
			name = Login;
			sourceTree = "<group>";
		};
		43F9B1E11EA618050093E798 /* Notification */ = {
			isa = PBXGroup;
			children = (
				43F9B1E21EA618050093E798 /* Notification.storyboard */,
				43F9B1E31EA618050093E798 /* NotificationTableViewController.swift */,
			);
			path = Notification;
			sourceTree = "<group>";
		};
		43F9B1E61EA6182A0093E798 /* Profile */ = {
			isa = PBXGroup;
			children = (
				43F9B1E81EA618680093E798 /* Profile.storyboard */,
				43F9B1EA1EA618870093E798 /* ProfileViewController.swift */,
				438A989F1EA8CC9B007CB1BC /* ProfileHeaderView.swift */,
				438A98A11EA92C5A007CB1BC /* ProfileMenuButton.xib */,
				438A98A31EA92DE1007CB1BC /* ProfileMenuButton.swift */,
			);
			name = Profile;
			sourceTree = "<group>";
		};
		43F9B1EC1EA6259E0093E798 /* Models */ = {
			isa = PBXGroup;
			children = (
				43F9B1F31EA62B910093E798 /* App.swift */,
				43F9B1ED1EA626740093E798 /* AccessToken.swift */,
				43F9B1F51EA63E6C0093E798 /* Account.swift */,
				439F01A21EAAAB12005C273A /* Relationship.swift */,
				43F9B2001EA658820093E798 /* Status.swift */,
				43F9B2021EA677910093E798 /* Attachment.swift */,
				43F9B2041EA67C680093E798 /* Mention.swift */,
				43F9B2061EA67DAB0093E798 /* Tag.swift */,
				43F9B2081EA67E460093E798 /* Application.swift */,
			);
			name = Models;
			sourceTree = "<group>";
		};
		43F9B1F71EA64BE80093E798 /* API */ = {
			isa = PBXGroup;
			children = (
				43F9B20F1EA7160C0093E798 /* MastodonAPI.swift */,
				43F9B1F81EA64C400093E798 /* MastodonAPI+Apps.swift */,
				43F9B1FE1EA64E710093E798 /* MastodonAPI+OAuth.swift */,
				43F9B1FC1EA64E2B0093E798 /* MastodonAPI+Accounts.swift */,
				43F9B20A1EA708200093E798 /* MastodonAPI+Timelines.swift */,
				1EC795501EABEC99000AE44D /* MastodonAPI+Status.swift */,
				1EEF59BA1EAD1D400047293B /* MastodonAPI+Report.swift */,
			);
			name = API;
			sourceTree = "<group>";
		};
		43F9B20C1EA711100093E798 /* Extensions */ = {
			isa = PBXGroup;
			children = (
				43F9B20D1EA7112B0093E798 /* String+url.swift */,
			);
			name = Extensions;
			sourceTree = "<group>";
		};
		D960644E029D1438710D089D /* Pods */ = {
			isa = PBXGroup;
			children = (
				BB08770CBB454B140713D012 /* Pods-Liarodon.debug.xcconfig */,
				CAD57C341AEC8EF5EFD2E96C /* Pods-Liarodon.release.xcconfig */,
			);
			name = Pods;
			sourceTree = "<group>";
		};
/* End PBXGroup section */

/* Begin PBXNativeTarget section */
		43F9B18B1EA613C50093E798 /* Liarodon */ = {
			isa = PBXNativeTarget;
			buildConfigurationList = 43F9B1B41EA613C50093E798 /* Build configuration list for PBXNativeTarget "Liarodon" */;
			buildPhases = (
				E9345393F0C9223EAAEC9CA8 /* [CP] Check Pods Manifest.lock */,
				43F9B1881EA613C50093E798 /* Sources */,
				43F9B1891EA613C50093E798 /* Frameworks */,
				43F9B18A1EA613C50093E798 /* Resources */,
				E6A4B25C08DFB781B981C711 /* [CP] Embed Pods Frameworks */,
				D4003FF003A553F483A6D5AA /* [CP] Copy Pods Resources */,
				4399D9DA1EADDD0F00E4EC18 /* ShellScript */,
			);
			buildRules = (
			);
			dependencies = (
			);
			name = Liarodon;
			productName = Liarodon;
			productReference = 43F9B18C1EA613C50093E798 /* Liarodon.app */;
			productType = "com.apple.product-type.application";
		};
		43F9B19F1EA613C50093E798 /* LiarodonTests */ = {
			isa = PBXNativeTarget;
			buildConfigurationList = 43F9B1B71EA613C50093E798 /* Build configuration list for PBXNativeTarget "LiarodonTests" */;
			buildPhases = (
				43F9B19C1EA613C50093E798 /* Sources */,
				43F9B19D1EA613C50093E798 /* Frameworks */,
				43F9B19E1EA613C50093E798 /* Resources */,
			);
			buildRules = (
			);
			dependencies = (
				43F9B1A21EA613C50093E798 /* PBXTargetDependency */,
			);
			name = LiarodonTests;
			productName = LiarodonTests;
			productReference = 43F9B1A01EA613C50093E798 /* LiarodonTests.xctest */;
			productType = "com.apple.product-type.bundle.unit-test";
		};
		43F9B1AA1EA613C50093E798 /* LiarodonUITests */ = {
			isa = PBXNativeTarget;
			buildConfigurationList = 43F9B1BA1EA613C50093E798 /* Build configuration list for PBXNativeTarget "LiarodonUITests" */;
			buildPhases = (
				43F9B1A71EA613C50093E798 /* Sources */,
				43F9B1A81EA613C50093E798 /* Frameworks */,
				43F9B1A91EA613C50093E798 /* Resources */,
			);
			buildRules = (
			);
			dependencies = (
				43F9B1AD1EA613C50093E798 /* PBXTargetDependency */,
			);
			name = LiarodonUITests;
			productName = LiarodonUITests;
			productReference = 43F9B1AB1EA613C50093E798 /* LiarodonUITests.xctest */;
			productType = "com.apple.product-type.bundle.ui-testing";
		};
/* End PBXNativeTarget section */

/* Begin PBXProject section */
		43F9B1841EA613C50093E798 /* Project object */ = {
			isa = PBXProject;
			attributes = {
				LastSwiftUpdateCheck = 0830;
				LastUpgradeCheck = 0830;
				ORGANIZATIONNAME = "Liaro Inc.";
				TargetAttributes = {
					43F9B18B1EA613C50093E798 = {
						CreatedOnToolsVersion = 8.3.1;
						ProvisioningStyle = Automatic;
					};
					43F9B19F1EA613C50093E798 = {
						CreatedOnToolsVersion = 8.3.1;
						ProvisioningStyle = Automatic;
						TestTargetID = 43F9B18B1EA613C50093E798;
					};
					43F9B1AA1EA613C50093E798 = {
						CreatedOnToolsVersion = 8.3.1;
						ProvisioningStyle = Automatic;
						TestTargetID = 43F9B18B1EA613C50093E798;
					};
				};
			};
			buildConfigurationList = 43F9B1871EA613C50093E798 /* Build configuration list for PBXProject "Liarodon" */;
			compatibilityVersion = "Xcode 3.2";
			developmentRegion = English;
			hasScannedForEncodings = 0;
			knownRegions = (
				en,
				Base,
			);
			mainGroup = 43F9B1831EA613C50093E798;
			productRefGroup = 43F9B18D1EA613C50093E798 /* Products */;
			projectDirPath = "";
			projectRoot = "";
			targets = (
				43F9B18B1EA613C50093E798 /* Liarodon */,
				43F9B19F1EA613C50093E798 /* LiarodonTests */,
				43F9B1AA1EA613C50093E798 /* LiarodonUITests */,
			);
		};
/* End PBXProject section */

/* Begin PBXResourcesBuildPhase section */
		43F9B18A1EA613C50093E798 /* Resources */ = {
			isa = PBXResourcesBuildPhase;
			buildActionMask = 2147483647;
			files = (
				43F9B1D01EA615D80093E798 /* Timeline.storyboard in Resources */,
				43F9B19A1EA613C50093E798 /* LaunchScreen.storyboard in Resources */,
				438A98A21EA92C5A007CB1BC /* ProfileMenuButton.xib in Resources */,
				435CA87B1EA8AD32006F5EE5 /* Accounts.storyboard in Resources */,
				43F9B1971EA613C50093E798 /* Assets.xcassets in Resources */,
				43F9B1D91EA616E70093E798 /* Login.storyboard in Resources */,
				43F9B1D41EA616040093E798 /* Main.storyboard in Resources */,
				43F9B1E91EA618680093E798 /* Profile.storyboard in Resources */,
				435CA8811EA8AE36006F5EE5 /* AccountsTableViewCell.xib in Resources */,
				43F9B1E41EA618060093E798 /* Notification.storyboard in Resources */,
				1EEF59BD1EAD27DB0047293B /* 1Password.xcassets in Resources */,
			);
			runOnlyForDeploymentPostprocessing = 0;
		};
		43F9B19E1EA613C50093E798 /* Resources */ = {
			isa = PBXResourcesBuildPhase;
			buildActionMask = 2147483647;
			files = (
			);
			runOnlyForDeploymentPostprocessing = 0;
		};
		43F9B1A91EA613C50093E798 /* Resources */ = {
			isa = PBXResourcesBuildPhase;
			buildActionMask = 2147483647;
			files = (
			);
			runOnlyForDeploymentPostprocessing = 0;
		};
/* End PBXResourcesBuildPhase section */

/* Begin PBXShellScriptBuildPhase section */
		4399D9DA1EADDD0F00E4EC18 /* ShellScript */ = {
			isa = PBXShellScriptBuildPhase;
			buildActionMask = 2147483647;
			files = (
			);
			inputPaths = (
			);
			outputPaths = (
			);
			runOnlyForDeploymentPostprocessing = 0;
			shellPath = /bin/sh;
			shellScript = "\"${PODS_ROOT}/Fabric/run\" a904bf6b3196524ba758ab9c72e16490aa469ca9 076d9703ed0616833bcb6e22bd2b7ec02a609a5169942ad4e03de864a98a9599";
		};
		D4003FF003A553F483A6D5AA /* [CP] Copy Pods Resources */ = {
			isa = PBXShellScriptBuildPhase;
			buildActionMask = 2147483647;
			files = (
			);
			inputPaths = (
			);
			name = "[CP] Copy Pods Resources";
			outputPaths = (
			);
			runOnlyForDeploymentPostprocessing = 0;
			shellPath = /bin/sh;
			shellScript = "\"${SRCROOT}/Pods/Target Support Files/Pods-Liarodon/Pods-Liarodon-resources.sh\"\n";
			showEnvVarsInLog = 0;
		};
		E6A4B25C08DFB781B981C711 /* [CP] Embed Pods Frameworks */ = {
			isa = PBXShellScriptBuildPhase;
			buildActionMask = 2147483647;
			files = (
			);
			inputPaths = (
			);
			name = "[CP] Embed Pods Frameworks";
			outputPaths = (
			);
			runOnlyForDeploymentPostprocessing = 0;
			shellPath = /bin/sh;
			shellScript = "\"${SRCROOT}/Pods/Target Support Files/Pods-Liarodon/Pods-Liarodon-frameworks.sh\"\n";
			showEnvVarsInLog = 0;
		};
		E9345393F0C9223EAAEC9CA8 /* [CP] Check Pods Manifest.lock */ = {
			isa = PBXShellScriptBuildPhase;
			buildActionMask = 2147483647;
			files = (
			);
			inputPaths = (
			);
			name = "[CP] Check Pods Manifest.lock";
			outputPaths = (
			);
			runOnlyForDeploymentPostprocessing = 0;
			shellPath = /bin/sh;
			shellScript = "diff \"${PODS_PODFILE_DIR_PATH}/Podfile.lock\" \"${PODS_ROOT}/Manifest.lock\" > /dev/null\nif [ $? != 0 ] ; then\n    # print error to STDERR\n    echo \"error: The sandbox is not in sync with the Podfile.lock. Run 'pod install' or update your CocoaPods installation.\" >&2\n    exit 1\nfi\n";
			showEnvVarsInLog = 0;
		};
/* End PBXShellScriptBuildPhase section */

/* Begin PBXSourcesBuildPhase section */
		43F9B1881EA613C50093E798 /* Sources */ = {
			isa = PBXSourcesBuildPhase;
			buildActionMask = 2147483647;
			files = (
				43F9B2091EA67E460093E798 /* Application.swift in Sources */,
				43F9B2071EA67DAB0093E798 /* Tag.swift in Sources */,
				430061661EACC839005DB81F /* FollowButton.swift in Sources */,
				43F9B1E51EA618060093E798 /* NotificationTableViewController.swift in Sources */,
				43F9B2051EA67C680093E798 /* Mention.swift in Sources */,
				43F9B20B1EA708200093E798 /* MastodonAPI+Timelines.swift in Sources */,
				1EC795531EABF862000AE44D /* ComposeViewController.swift in Sources */,
				43F9B1F91EA64C400093E798 /* MastodonAPI+Apps.swift in Sources */,
				43F9B1FF1EA64E710093E798 /* MastodonAPI+OAuth.swift in Sources */,
				1EEF59B71EAC7B130047293B /* AccountService.swift in Sources */,
				1E7779FA1EAA6E8D001BD61A /* StatusImageView.swift in Sources */,
				43F9B2031EA677910093E798 /* Attachment.swift in Sources */,
				43F9B1901EA613C50093E798 /* AppDelegate.swift in Sources */,
				1EC795551EAC61FA000AE44D /* SelectAccountTableViewController.swift in Sources */,
				432590261EACA039000C364A /* AccountsTableViewController.swift in Sources */,
				43F9B1D61EA616710093E798 /* TimelineTableViewController.swift in Sources */,
				438A98A01EA8CC9B007CB1BC /* ProfileHeaderView.swift in Sources */,
				43F9B1FD1EA64E2B0093E798 /* MastodonAPI+Accounts.swift in Sources */,
				F6660CF91EA8F45C007D04D7 /* LinkTextView.swift in Sources */,
				1EB690C01EA6F095003587A1 /* AttachmentView.swift in Sources */,
				1E3A43531EA6833200669319 /* TootTableViewCell.swift in Sources */,
				43F9B1EB1EA618870093E798 /* ProfileViewController.swift in Sources */,
				43F9B1DB1EA617390093E798 /* LoginViewController.swift in Sources */,
				438A98A41EA92DE1007CB1BC /* ProfileMenuButton.swift in Sources */,
				43F9B2011EA658820093E798 /* Status.swift in Sources */,
				43F9B1F61EA63E6C0093E798 /* Account.swift in Sources */,
				435CA8801EA8AE36006F5EE5 /* AccountsTableViewCell.swift in Sources */,
				43F9B2101EA7160C0093E798 /* MastodonAPI.swift in Sources */,
				43F9B20E1EA7112B0093E798 /* String+url.swift in Sources */,
				43F9B1CE1EA6159E0093E798 /* MainTabBarController.swift in Sources */,
				43F9B1F41EA62B910093E798 /* App.swift in Sources */,
				1EEF59B91EACEFB40047293B /* TootDetailViewController.swift in Sources */,
				43F9B1EE1EA626740093E798 /* AccessToken.swift in Sources */,
				1EEF59BB1EAD1D400047293B /* MastodonAPI+Report.swift in Sources */,
				439F01A31EAAAB12005C273A /* Relationship.swift in Sources */,
				1EC795511EABEC99000AE44D /* MastodonAPI+Status.swift in Sources */,
			);
			runOnlyForDeploymentPostprocessing = 0;
		};
		43F9B19C1EA613C50093E798 /* Sources */ = {
			isa = PBXSourcesBuildPhase;
			buildActionMask = 2147483647;
			files = (
				43F9B1A51EA613C50093E798 /* LiarodonTests.swift in Sources */,
			);
			runOnlyForDeploymentPostprocessing = 0;
		};
		43F9B1A71EA613C50093E798 /* Sources */ = {
			isa = PBXSourcesBuildPhase;
			buildActionMask = 2147483647;
			files = (
				43F9B1B01EA613C50093E798 /* LiarodonUITests.swift in Sources */,
			);
			runOnlyForDeploymentPostprocessing = 0;
		};
/* End PBXSourcesBuildPhase section */

/* Begin PBXTargetDependency section */
		43F9B1A21EA613C50093E798 /* PBXTargetDependency */ = {
			isa = PBXTargetDependency;
			target = 43F9B18B1EA613C50093E798 /* Liarodon */;
			targetProxy = 43F9B1A11EA613C50093E798 /* PBXContainerItemProxy */;
		};
		43F9B1AD1EA613C50093E798 /* PBXTargetDependency */ = {
			isa = PBXTargetDependency;
			target = 43F9B18B1EA613C50093E798 /* Liarodon */;
			targetProxy = 43F9B1AC1EA613C50093E798 /* PBXContainerItemProxy */;
		};
/* End PBXTargetDependency section */

/* Begin PBXVariantGroup section */
		43F9B1981EA613C50093E798 /* LaunchScreen.storyboard */ = {
			isa = PBXVariantGroup;
			children = (
				43F9B1991EA613C50093E798 /* Base */,
			);
			name = LaunchScreen.storyboard;
			sourceTree = "<group>";
		};
/* End PBXVariantGroup section */

/* Begin XCBuildConfiguration section */
		43F9B1B21EA613C50093E798 /* Debug */ = {
			isa = XCBuildConfiguration;
			buildSettings = {
				ALWAYS_SEARCH_USER_PATHS = NO;
				CLANG_ANALYZER_NONNULL = YES;
				CLANG_ANALYZER_NUMBER_OBJECT_CONVERSION = YES_AGGRESSIVE;
				CLANG_CXX_LANGUAGE_STANDARD = "gnu++0x";
				CLANG_CXX_LIBRARY = "libc++";
				CLANG_ENABLE_MODULES = YES;
				CLANG_ENABLE_OBJC_ARC = YES;
				CLANG_WARN_BOOL_CONVERSION = YES;
				CLANG_WARN_CONSTANT_CONVERSION = YES;
				CLANG_WARN_DIRECT_OBJC_ISA_USAGE = YES_ERROR;
				CLANG_WARN_DOCUMENTATION_COMMENTS = YES;
				CLANG_WARN_EMPTY_BODY = YES;
				CLANG_WARN_ENUM_CONVERSION = YES;
				CLANG_WARN_INFINITE_RECURSION = YES;
				CLANG_WARN_INT_CONVERSION = YES;
				CLANG_WARN_OBJC_ROOT_CLASS = YES_ERROR;
				CLANG_WARN_SUSPICIOUS_MOVE = YES;
				CLANG_WARN_UNREACHABLE_CODE = YES;
				CLANG_WARN__DUPLICATE_METHOD_MATCH = YES;
				"CODE_SIGN_IDENTITY[sdk=iphoneos*]" = "iPhone Developer";
				COPY_PHASE_STRIP = NO;
				DEBUG_INFORMATION_FORMAT = dwarf;
				ENABLE_STRICT_OBJC_MSGSEND = YES;
				ENABLE_TESTABILITY = YES;
				GCC_C_LANGUAGE_STANDARD = gnu99;
				GCC_DYNAMIC_NO_PIC = NO;
				GCC_NO_COMMON_BLOCKS = YES;
				GCC_OPTIMIZATION_LEVEL = 0;
				GCC_PREPROCESSOR_DEFINITIONS = (
					"DEBUG=1",
					"$(inherited)",
				);
				GCC_WARN_64_TO_32_BIT_CONVERSION = YES;
				GCC_WARN_ABOUT_RETURN_TYPE = YES_ERROR;
				GCC_WARN_UNDECLARED_SELECTOR = YES;
				GCC_WARN_UNINITIALIZED_AUTOS = YES_AGGRESSIVE;
				GCC_WARN_UNUSED_FUNCTION = YES;
				GCC_WARN_UNUSED_VARIABLE = YES;
				IPHONEOS_DEPLOYMENT_TARGET = 10.3;
				MTL_ENABLE_DEBUG_INFO = YES;
				ONLY_ACTIVE_ARCH = YES;
				SDKROOT = iphoneos;
				SWIFT_ACTIVE_COMPILATION_CONDITIONS = DEBUG;
				SWIFT_OPTIMIZATION_LEVEL = "-Onone";
			};
			name = Debug;
		};
		43F9B1B31EA613C50093E798 /* Release */ = {
			isa = XCBuildConfiguration;
			buildSettings = {
				ALWAYS_SEARCH_USER_PATHS = NO;
				CLANG_ANALYZER_NONNULL = YES;
				CLANG_ANALYZER_NUMBER_OBJECT_CONVERSION = YES_AGGRESSIVE;
				CLANG_CXX_LANGUAGE_STANDARD = "gnu++0x";
				CLANG_CXX_LIBRARY = "libc++";
				CLANG_ENABLE_MODULES = YES;
				CLANG_ENABLE_OBJC_ARC = YES;
				CLANG_WARN_BOOL_CONVERSION = YES;
				CLANG_WARN_CONSTANT_CONVERSION = YES;
				CLANG_WARN_DIRECT_OBJC_ISA_USAGE = YES_ERROR;
				CLANG_WARN_DOCUMENTATION_COMMENTS = YES;
				CLANG_WARN_EMPTY_BODY = YES;
				CLANG_WARN_ENUM_CONVERSION = YES;
				CLANG_WARN_INFINITE_RECURSION = YES;
				CLANG_WARN_INT_CONVERSION = YES;
				CLANG_WARN_OBJC_ROOT_CLASS = YES_ERROR;
				CLANG_WARN_SUSPICIOUS_MOVE = YES;
				CLANG_WARN_UNREACHABLE_CODE = YES;
				CLANG_WARN__DUPLICATE_METHOD_MATCH = YES;
				"CODE_SIGN_IDENTITY[sdk=iphoneos*]" = "iPhone Developer";
				COPY_PHASE_STRIP = NO;
				DEBUG_INFORMATION_FORMAT = "dwarf-with-dsym";
				ENABLE_NS_ASSERTIONS = NO;
				ENABLE_STRICT_OBJC_MSGSEND = YES;
				GCC_C_LANGUAGE_STANDARD = gnu99;
				GCC_NO_COMMON_BLOCKS = YES;
				GCC_WARN_64_TO_32_BIT_CONVERSION = YES;
				GCC_WARN_ABOUT_RETURN_TYPE = YES_ERROR;
				GCC_WARN_UNDECLARED_SELECTOR = YES;
				GCC_WARN_UNINITIALIZED_AUTOS = YES_AGGRESSIVE;
				GCC_WARN_UNUSED_FUNCTION = YES;
				GCC_WARN_UNUSED_VARIABLE = YES;
				IPHONEOS_DEPLOYMENT_TARGET = 10.3;
				MTL_ENABLE_DEBUG_INFO = NO;
				SDKROOT = iphoneos;
				SWIFT_OPTIMIZATION_LEVEL = "-Owholemodule";
				VALIDATE_PRODUCT = YES;
			};
			name = Release;
		};
		43F9B1B51EA613C50093E798 /* Debug */ = {
			isa = XCBuildConfiguration;
			baseConfigurationReference = BB08770CBB454B140713D012 /* Pods-Liarodon.debug.xcconfig */;
			buildSettings = {
				ASSETCATALOG_COMPILER_APPICON_NAME = AppIcon;
				"CODE_SIGN_IDENTITY[sdk=iphoneos*]" = "iPhone Developer";
				DEVELOPMENT_TEAM = "";
				INFOPLIST_FILE = Liarodon/Info.plist;
				IPHONEOS_DEPLOYMENT_TARGET = 9.0;
				LD_RUNPATH_SEARCH_PATHS = "$(inherited) @executable_path/Frameworks";
				PRODUCT_BUNDLE_IDENTIFIER = me.liaro.Liarodon;
				PRODUCT_NAME = "$(TARGET_NAME)";
				PROVISIONING_PROFILE_SPECIFIER = "";
				SWIFT_VERSION = 3.0;
				TARGETED_DEVICE_FAMILY = "1,2";
			};
			name = Debug;
		};
		43F9B1B61EA613C50093E798 /* Release */ = {
			isa = XCBuildConfiguration;
			baseConfigurationReference = CAD57C341AEC8EF5EFD2E96C /* Pods-Liarodon.release.xcconfig */;
			buildSettings = {
				ASSETCATALOG_COMPILER_APPICON_NAME = AppIcon;
				"CODE_SIGN_IDENTITY[sdk=iphoneos*]" = "iPhone Developer";
				DEVELOPMENT_TEAM = "";
				INFOPLIST_FILE = Liarodon/Info.plist;
				IPHONEOS_DEPLOYMENT_TARGET = 9.0;
				LD_RUNPATH_SEARCH_PATHS = "$(inherited) @executable_path/Frameworks";
				PRODUCT_BUNDLE_IDENTIFIER = me.liaro.Liarodon;
				PRODUCT_NAME = "$(TARGET_NAME)";
				PROVISIONING_PROFILE_SPECIFIER = "";
				SWIFT_VERSION = 3.0;
				TARGETED_DEVICE_FAMILY = "1,2";
			};
			name = Release;
		};
		43F9B1B81EA613C50093E798 /* Debug */ = {
			isa = XCBuildConfiguration;
			buildSettings = {
				ALWAYS_EMBED_SWIFT_STANDARD_LIBRARIES = YES;
				BUNDLE_LOADER = "$(TEST_HOST)";
				DEVELOPMENT_TEAM = "";
				INFOPLIST_FILE = LiarodonTests/Info.plist;
				LD_RUNPATH_SEARCH_PATHS = "$(inherited) @executable_path/Frameworks @loader_path/Frameworks";
				PRODUCT_BUNDLE_IDENTIFIER = me.liaro.LiarodonTests;
				PRODUCT_NAME = "$(TARGET_NAME)";
				SWIFT_VERSION = 3.0;
				TEST_HOST = "$(BUILT_PRODUCTS_DIR)/Liarodon.app/Liarodon";
			};
			name = Debug;
		};
		43F9B1B91EA613C50093E798 /* Release */ = {
			isa = XCBuildConfiguration;
			buildSettings = {
				ALWAYS_EMBED_SWIFT_STANDARD_LIBRARIES = YES;
				BUNDLE_LOADER = "$(TEST_HOST)";
				DEVELOPMENT_TEAM = "";
				INFOPLIST_FILE = LiarodonTests/Info.plist;
				LD_RUNPATH_SEARCH_PATHS = "$(inherited) @executable_path/Frameworks @loader_path/Frameworks";
				PRODUCT_BUNDLE_IDENTIFIER = me.liaro.LiarodonTests;
				PRODUCT_NAME = "$(TARGET_NAME)";
				SWIFT_VERSION = 3.0;
				TEST_HOST = "$(BUILT_PRODUCTS_DIR)/Liarodon.app/Liarodon";
			};
			name = Release;
		};
		43F9B1BB1EA613C50093E798 /* Debug */ = {
			isa = XCBuildConfiguration;
			buildSettings = {
				ALWAYS_EMBED_SWIFT_STANDARD_LIBRARIES = YES;
				DEVELOPMENT_TEAM = "";
				INFOPLIST_FILE = LiarodonUITests/Info.plist;
				LD_RUNPATH_SEARCH_PATHS = "$(inherited) @executable_path/Frameworks @loader_path/Frameworks";
				PRODUCT_BUNDLE_IDENTIFIER = me.liaro.LiarodonUITests;
				PRODUCT_NAME = "$(TARGET_NAME)";
				SWIFT_VERSION = 3.0;
				TEST_TARGET_NAME = Liarodon;
			};
			name = Debug;
		};
		43F9B1BC1EA613C50093E798 /* Release */ = {
			isa = XCBuildConfiguration;
			buildSettings = {
				ALWAYS_EMBED_SWIFT_STANDARD_LIBRARIES = YES;
				DEVELOPMENT_TEAM = "";
				INFOPLIST_FILE = LiarodonUITests/Info.plist;
				LD_RUNPATH_SEARCH_PATHS = "$(inherited) @executable_path/Frameworks @loader_path/Frameworks";
				PRODUCT_BUNDLE_IDENTIFIER = me.liaro.LiarodonUITests;
				PRODUCT_NAME = "$(TARGET_NAME)";
				SWIFT_VERSION = 3.0;
				TEST_TARGET_NAME = Liarodon;
			};
			name = Release;
		};
/* End XCBuildConfiguration section */

/* Begin XCConfigurationList section */
		43F9B1871EA613C50093E798 /* Build configuration list for PBXProject "Liarodon" */ = {
			isa = XCConfigurationList;
			buildConfigurations = (
				43F9B1B21EA613C50093E798 /* Debug */,
				43F9B1B31EA613C50093E798 /* Release */,
			);
			defaultConfigurationIsVisible = 0;
			defaultConfigurationName = Release;
		};
		43F9B1B41EA613C50093E798 /* Build configuration list for PBXNativeTarget "Liarodon" */ = {
			isa = XCConfigurationList;
			buildConfigurations = (
				43F9B1B51EA613C50093E798 /* Debug */,
				43F9B1B61EA613C50093E798 /* Release */,
			);
			defaultConfigurationIsVisible = 0;
			defaultConfigurationName = Release;
		};
		43F9B1B71EA613C50093E798 /* Build configuration list for PBXNativeTarget "LiarodonTests" */ = {
			isa = XCConfigurationList;
			buildConfigurations = (
				43F9B1B81EA613C50093E798 /* Debug */,
				43F9B1B91EA613C50093E798 /* Release */,
			);
			defaultConfigurationIsVisible = 0;
			defaultConfigurationName = Release;
		};
		43F9B1BA1EA613C50093E798 /* Build configuration list for PBXNativeTarget "LiarodonUITests" */ = {
			isa = XCConfigurationList;
			buildConfigurations = (
				43F9B1BB1EA613C50093E798 /* Debug */,
				43F9B1BC1EA613C50093E798 /* Release */,
			);
			defaultConfigurationIsVisible = 0;
			defaultConfigurationName = Release;
		};
/* End XCConfigurationList section */
	};
	rootObject = 43F9B1841EA613C50093E798 /* Project object */;
}
